Microsoft Visual Studio Solution File, Format Version 12.00
# Visual Studio Version 16
VisualStudioVersion = 16.0.29613.14
MinimumVisualStudioVersion = 15.0
Project("{9A19103F-16F7-4668-BE54-9A1E7A4F7556}") = "Oxide.Hurtworld", "src\Oxide.Hurtworld.csproj", "{BC923352-6DCB-47B2-BADC-67052C62FE2E}"
EndProject
Global
	GlobalSection(SolutionConfigurationPlatforms) = preSolution
		Debug|Any CPU = Debug|Any CPU
		Release|Any CPU = Release|Any CPU
	EndGlobalSection
	GlobalSection(ProjectConfigurationPlatforms) = postSolution
		{BC923352-6DCB-47B2-BADC-67052C62FE2E}.Debug|Any CPU.ActiveCfg = Debug|Any CPU
		{BC923352-6DCB-47B2-BADC-67052C62FE2E}.Debug|Any CPU.Build.0 = Debug|Any CPU
		{BC923352-6DCB-47B2-BADC-67052C62FE2E}.Release|Any CPU.ActiveCfg = Release|Any CPU
		{BC923352-6DCB-47B2-BADC-67052C62FE2E}.Release|Any CPU.Build.0 = Release|Any CPU
	EndGlobalSection
	GlobalSection(SolutionProperties) = preSolution
		HideSolutionNode = FALSE
	EndGlobalSection
	GlobalSection(ExtensibilityGlobals) = postSolution
		SolutionGuid = {EA8C3EED-5E43-4A5D-B9AF-C4E134F38BD5}
	EndGlobalSection
EndGlobal
